// !$*UTF8*$!
{
	archiveVersion = 1;
	classes = {
	};
	objectVersion = 77;
	objects = {

/* Begin PBXBuildFile section */
		D798EA3C2CBD796200BA067C /* FollowAPI in Frameworks */ = {isa = PBXBuildFile; productRef = D798EA3B2CBD796200BA067C /* FollowAPI */; };
		D798EA3F2CBD7CEF00BA067C /* FollowUI in Frameworks */ = {isa = PBXBuildFile; productRef = D798EA3E2CBD7CEF00BA067C /* FollowUI */; };
/* End PBXBuildFile section */

/* Begin PBXContainerItemProxy section */
		D798EA1D2CBD6CDE00BA067C /* PBXContainerItemProxy */ = {
			isa = PBXContainerItemProxy;
			containerPortal = D798EA032CBD6CDC00BA067C /* Project object */;
			proxyType = 1;
			remoteGlobalIDString = D798EA0A2CBD6CDC00BA067C;
			remoteInfo = "swift-follow";
		};
		D798EA272CBD6CDE00BA067C /* PBXContainerItemProxy */ = {
			isa = PBXContainerItemProxy;
			containerPortal = D798EA032CBD6CDC00BA067C /* Project object */;
			proxyType = 1;
			remoteGlobalIDString = D798EA0A2CBD6CDC00BA067C;
			remoteInfo = "swift-follow";
		};
/* End PBXContainerItemProxy section */

/* Begin PBXFileReference section */
		D798EA0B2CBD6CDC00BA067C /* swift-follow.app */ = {isa = PBXFileReference; explicitFileType = wrapper.application; includeInIndex = 0; path = "swift-follow.app"; sourceTree = BUILT_PRODUCTS_DIR; };
		D798EA1C2CBD6CDE00BA067C /* swift-followTests.xctest */ = {isa = PBXFileReference; explicitFileType = wrapper.cfbundle; includeInIndex = 0; path = "swift-followTests.xctest"; sourceTree = BUILT_PRODUCTS_DIR; };
		D798EA262CBD6CDE00BA067C /* swift-followUITests.xctest */ = {isa = PBXFileReference; explicitFileType = wrapper.cfbundle; includeInIndex = 0; path = "swift-followUITests.xctest"; sourceTree = BUILT_PRODUCTS_DIR; };
		D798EA392CBD730600BA067C /* FollowAPI */ = {isa = PBXFileReference; lastKnownFileType = wrapper; path = FollowAPI; sourceTree = "<group>"; };
		D798EA3D2CBD7BB100BA067C /* FollowUI */ = {isa = PBXFileReference; lastKnownFileType = wrapper; path = FollowUI; sourceTree = "<group>"; };
		D7EE99572D09DDDF004F5A96 /* ci_post_clone.sh */ = {isa = PBXFileReference; lastKnownFileType = text.script.sh; path = ci_post_clone.sh; sourceTree = "<group>"; };
/* End PBXFileReference section */

/* Begin PBXFileSystemSynchronizedBuildFileExceptionSet section */
		D798EA412CC018A500BA067C /* Exceptions for "swift-follow" folder in "swift-follow" target */ = {
			isa = PBXFileSystemSynchronizedBuildFileExceptionSet;
			membershipExceptions = (
				Info.plist,
			);
			target = D798EA0A2CBD6CDC00BA067C /* swift-follow */;
		};
/* End PBXFileSystemSynchronizedBuildFileExceptionSet section */

/* Begin PBXFileSystemSynchronizedRootGroup section */
		D798EA0D2CBD6CDC00BA067C /* swift-follow */ = {
			isa = PBXFileSystemSynchronizedRootGroup;
			exceptions = (
				D798EA412CC018A500BA067C /* Exceptions for "swift-follow" folder in "swift-follow" target */,
			);
			path = "swift-follow";
			sourceTree = "<group>";
		};
		D798EA1F2CBD6CDE00BA067C /* swift-followTests */ = {
			isa = PBXFileSystemSynchronizedRootGroup;
			path = "swift-followTests";
			sourceTree = "<group>";
		};
		D798EA292CBD6CDE00BA067C /* swift-followUITests */ = {
			isa = PBXFileSystemSynchronizedRootGroup;
			path = "swift-followUITests";
			sourceTree = "<group>";
		};
/* End PBXFileSystemSynchronizedRootGroup section */

/* Begin PBXFrameworksBuildPhase section */
		D798EA082CBD6CDC00BA067C /* Frameworks */ = {
			isa = PBXFrameworksBuildPhase;
			buildActionMask = 2147483647;
			files = (
				D798EA3C2CBD796200BA067C /* FollowAPI in Frameworks */,
				D798EA3F2CBD7CEF00BA067C /* FollowUI in Frameworks */,
			);
			runOnlyForDeploymentPostprocessing = 0;
		};
		D798EA192CBD6CDE00BA067C /* Frameworks */ = {
			isa = PBXFrameworksBuildPhase;
			buildActionMask = 2147483647;
			files = (
			);
			runOnlyForDeploymentPostprocessing = 0;
		};
		D798EA232CBD6CDE00BA067C /* Frameworks */ = {
			isa = PBXFrameworksBuildPhase;
			buildActionMask = 2147483647;
			files = (
			);
			runOnlyForDeploymentPostprocessing = 0;
		};
/* End PBXFrameworksBuildPhase section */

/* Begin PBXGroup section */
		D798EA022CBD6CDC00BA067C = {
			isa = PBXGroup;
			children = (
				D7EE99562D09DDC9004F5A96 /* ci_scripts */,
				D798EA3D2CBD7BB100BA067C /* FollowUI */,
				D798EA392CBD730600BA067C /* FollowAPI */,
				D798EA0D2CBD6CDC00BA067C /* swift-follow */,
				D798EA1F2CBD6CDE00BA067C /* swift-followTests */,
				D798EA292CBD6CDE00BA067C /* swift-followUITests */,
				D798EA3A2CBD796200BA067C /* Frameworks */,
				D798EA0C2CBD6CDC00BA067C /* Products */,
			);
			sourceTree = "<group>";
		};
		D798EA0C2CBD6CDC00BA067C /* Products */ = {
			isa = PBXGroup;
			children = (
				D798EA0B2CBD6CDC00BA067C /* swift-follow.app */,
				D798EA1C2CBD6CDE00BA067C /* swift-followTests.xctest */,
				D798EA262CBD6CDE00BA067C /* swift-followUITests.xctest */,
			);
			name = Products;
			sourceTree = "<group>";
		};
		D798EA3A2CBD796200BA067C /* Frameworks */ = {
			isa = PBXGroup;
			children = (
			);
			name = Frameworks;
			sourceTree = "<group>";
		};
		D7EE99562D09DDC9004F5A96 /* ci_scripts */ = {
			isa = PBXGroup;
			children = (
				D7EE99572D09DDDF004F5A96 /* ci_post_clone.sh */,
			);
			path = ci_scripts;
			sourceTree = "<group>";
		};
/* End PBXGroup section */

/* Begin PBXNativeTarget section */
		D798EA0A2CBD6CDC00BA067C /* swift-follow */ = {
			isa = PBXNativeTarget;
			buildConfigurationList = D798EA302CBD6CDE00BA067C /* Build configuration list for PBXNativeTarget "swift-follow" */;
			buildPhases = (
				D798EA072CBD6CDC00BA067C /* Sources */,
				D798EA082CBD6CDC00BA067C /* Frameworks */,
				D798EA092CBD6CDC00BA067C /* Resources */,
			);
			buildRules = (
			);
			dependencies = (
			);
			fileSystemSynchronizedGroups = (
				D798EA0D2CBD6CDC00BA067C /* swift-follow */,
			);
			name = "swift-follow";
			packageProductDependencies = (
				D798EA3B2CBD796200BA067C /* FollowAPI */,
				D798EA3E2CBD7CEF00BA067C /* FollowUI */,
			);
			productName = "swift-follow";
			productReference = D798EA0B2CBD6CDC00BA067C /* swift-follow.app */;
			productType = "com.apple.product-type.application";
		};
		D798EA1B2CBD6CDE00BA067C /* swift-followTests */ = {
			isa = PBXNativeTarget;
			buildConfigurationList = D798EA332CBD6CDE00BA067C /* Build configuration list for PBXNativeTarget "swift-followTests" */;
			buildPhases = (
				D798EA182CBD6CDE00BA067C /* Sources */,
				D798EA192CBD6CDE00BA067C /* Frameworks */,
				D798EA1A2CBD6CDE00BA067C /* Resources */,
			);
			buildRules = (
			);
			dependencies = (
				D798EA1E2CBD6CDE00BA067C /* PBXTargetDependency */,
			);
			fileSystemSynchronizedGroups = (
				D798EA1F2CBD6CDE00BA067C /* swift-followTests */,
			);
			name = "swift-followTests";
			packageProductDependencies = (
			);
			productName = "swift-followTests";
			productReference = D798EA1C2CBD6CDE00BA067C /* swift-followTests.xctest */;
			productType = "com.apple.product-type.bundle.unit-test";
		};
		D798EA252CBD6CDE00BA067C /* swift-followUITests */ = {
			isa = PBXNativeTarget;
			buildConfigurationList = D798EA362CBD6CDE00BA067C /* Build configuration list for PBXNativeTarget "swift-followUITests" */;
			buildPhases = (
				D798EA222CBD6CDE00BA067C /* Sources */,
				D798EA232CBD6CDE00BA067C /* Frameworks */,
				D798EA242CBD6CDE00BA067C /* Resources */,
			);
			buildRules = (
			);
			dependencies = (
				D798EA282CBD6CDE00BA067C /* PBXTargetDependency */,
			);
			fileSystemSynchronizedGroups = (
				D798EA292CBD6CDE00BA067C /* swift-followUITests */,
			);
			name = "swift-followUITests";
			packageProductDependencies = (
			);
			productName = "swift-followUITests";
			productReference = D798EA262CBD6CDE00BA067C /* swift-followUITests.xctest */;
			productType = "com.apple.product-type.bundle.ui-testing";
		};
/* End PBXNativeTarget section */

/* Begin PBXProject section */
		D798EA032CBD6CDC00BA067C /* Project object */ = {
			isa = PBXProject;
			attributes = {
				BuildIndependentTargetsInParallel = 1;
				LastSwiftUpdateCheck = 1600;
				LastUpgradeCheck = 1600;
				TargetAttributes = {
					D798EA0A2CBD6CDC00BA067C = {
						CreatedOnToolsVersion = 16.0;
					};
					D798EA1B2CBD6CDE00BA067C = {
						CreatedOnToolsVersion = 16.0;
						TestTargetID = D798EA0A2CBD6CDC00BA067C;
					};
					D798EA252CBD6CDE00BA067C = {
						CreatedOnToolsVersion = 16.0;
						TestTargetID = D798EA0A2CBD6CDC00BA067C;
					};
				};
			};
			buildConfigurationList = D798EA062CBD6CDC00BA067C /* Build configuration list for PBXProject "swift-follow" */;
			developmentRegion = en;
			hasScannedForEncodings = 0;
			knownRegions = (
				en,
				Base,
			);
			mainGroup = D798EA022CBD6CDC00BA067C;
			minimizedProjectReferenceProxies = 1;
			preferredProjectObjectVersion = 77;
			productRefGroup = D798EA0C2CBD6CDC00BA067C /* Products */;
			projectDirPath = "";
			projectRoot = "";
			targets = (
				D798EA0A2CBD6CDC00BA067C /* swift-follow */,
				D798EA1B2CBD6CDE00BA067C /* swift-followTests */,
				D798EA252CBD6CDE00BA067C /* swift-followUITests */,
			);
		};
/* End PBXProject section */

/* Begin PBXResourcesBuildPhase section */
		D798EA092CBD6CDC00BA067C /* Resources */ = {
			isa = PBXResourcesBuildPhase;
			buildActionMask = 2147483647;
			files = (
			);
			runOnlyForDeploymentPostprocessing = 0;
		};
		D798EA1A2CBD6CDE00BA067C /* Resources */ = {
			isa = PBXResourcesBuildPhase;
			buildActionMask = 2147483647;
			files = (
			);
			runOnlyForDeploymentPostprocessing = 0;
		};
		D798EA242CBD6CDE00BA067C /* Resources */ = {
			isa = PBXResourcesBuildPhase;
			buildActionMask = 2147483647;
			files = (
			);
			runOnlyForDeploymentPostprocessing = 0;
		};
/* End PBXResourcesBuildPhase section */

/* Begin PBXSourcesBuildPhase section */
		D798EA072CBD6CDC00BA067C /* Sources */ = {
			isa = PBXSourcesBuildPhase;
			buildActionMask = 2147483647;
			files = (
			);
			runOnlyForDeploymentPostprocessing = 0;
		};
		D798EA182CBD6CDE00BA067C /* Sources */ = {
			isa = PBXSourcesBuildPhase;
			buildActionMask = 2147483647;
			files = (
			);
			runOnlyForDeploymentPostprocessing = 0;
		};
		D798EA222CBD6CDE00BA067C /* Sources */ = {
			isa = PBXSourcesBuildPhase;
			buildActionMask = 2147483647;
			files = (
			);
			runOnlyForDeploymentPostprocessing = 0;
		};
/* End PBXSourcesBuildPhase section */

/* Begin PBXTargetDependency section */
		D798EA1E2CBD6CDE00BA067C /* PBXTargetDependency */ = {
			isa = PBXTargetDependency;
			target = D798EA0A2CBD6CDC00BA067C /* swift-follow */;
			targetProxy = D798EA1D2CBD6CDE00BA067C /* PBXContainerItemProxy */;
		};
		D798EA282CBD6CDE00BA067C /* PBXTargetDependency */ = {
			isa = PBXTargetDependency;
			target = D798EA0A2CBD6CDC00BA067C /* swift-follow */;
			targetProxy = D798EA272CBD6CDE00BA067C /* PBXContainerItemProxy */;
		};
/* End PBXTargetDependency section */

/* Begin XCBuildConfiguration section */
		D798EA2E2CBD6CDE00BA067C /* Debug */ = {
			isa = XCBuildConfiguration;
			buildSettings = {
				ALWAYS_SEARCH_USER_PATHS = NO;
				ASSETCATALOG_COMPILER_GENERATE_SWIFT_ASSET_SYMBOL_EXTENSIONS = YES;
				CLANG_ANALYZER_NONNULL = YES;
				CLANG_ANALYZER_NUMBER_OBJECT_CONVERSION = YES_AGGRESSIVE;
				CLANG_CXX_LANGUAGE_STANDARD = "gnu++20";
				CLANG_ENABLE_MODULES = YES;
				CLANG_ENABLE_OBJC_ARC = YES;
				CLANG_ENABLE_OBJC_WEAK = YES;
				CLANG_WARN_BLOCK_CAPTURE_AUTORELEASING = YES;
				CLANG_WARN_BOOL_CONVERSION = YES;
				CLANG_WARN_COMMA = YES;
				CLANG_WARN_CONSTANT_CONVERSION = YES;
				CLANG_WARN_DEPRECATED_OBJC_IMPLEMENTATIONS = YES;
				CLANG_WARN_DIRECT_OBJC_ISA_USAGE = YES_ERROR;
				CLANG_WARN_DOCUMENTATION_COMMENTS = YES;
				CLANG_WARN_EMPTY_BODY = YES;
				CLANG_WARN_ENUM_CONVERSION = YES;
				CLANG_WARN_INFINITE_RECURSION = YES;
				CLANG_WARN_INT_CONVERSION = YES;
				CLANG_WARN_NON_LITERAL_NULL_CONVERSION = YES;
				CLANG_WARN_OBJC_IMPLICIT_RETAIN_SELF = YES;
				CLANG_WARN_OBJC_LITERAL_CONVERSION = YES;
				CLANG_WARN_OBJC_ROOT_CLASS = YES_ERROR;
				CLANG_WARN_QUOTED_INCLUDE_IN_FRAMEWORK_HEADER = YES;
				CLANG_WARN_RANGE_LOOP_ANALYSIS = YES;
				CLANG_WARN_STRICT_PROTOTYPES = YES;
				CLANG_WARN_SUSPICIOUS_MOVE = YES;
				CLANG_WARN_UNGUARDED_AVAILABILITY = YES_AGGRESSIVE;
				CLANG_WARN_UNREACHABLE_CODE = YES;
				CLANG_WARN__DUPLICATE_METHOD_MATCH = YES;
				COPY_PHASE_STRIP = NO;
				DEBUG_INFORMATION_FORMAT = dwarf;
				ENABLE_STRICT_OBJC_MSGSEND = YES;
				ENABLE_TESTABILITY = YES;
				ENABLE_USER_SCRIPT_SANDBOXING = YES;
				GCC_C_LANGUAGE_STANDARD = gnu17;
				GCC_DYNAMIC_NO_PIC = NO;
				GCC_NO_COMMON_BLOCKS = YES;
				GCC_OPTIMIZATION_LEVEL = 0;
				GCC_PREPROCESSOR_DEFINITIONS = (
					"DEBUG=1",
					"$(inherited)",
				);
				GCC_WARN_64_TO_32_BIT_CONVERSION = YES;
				GCC_WARN_ABOUT_RETURN_TYPE = YES_ERROR;
				GCC_WARN_UNDECLARED_SELECTOR = YES;
				GCC_WARN_UNINITIALIZED_AUTOS = YES_AGGRESSIVE;
				GCC_WARN_UNUSED_FUNCTION = YES;
				GCC_WARN_UNUSED_VARIABLE = YES;
				LOCALIZATION_PREFERS_STRING_CATALOGS = YES;
				MTL_ENABLE_DEBUG_INFO = INCLUDE_SOURCE;
				MTL_FAST_MATH = YES;
				ONLY_ACTIVE_ARCH = YES;
				SWIFT_ACTIVE_COMPILATION_CONDITIONS = "DEBUG $(inherited)";
				SWIFT_OPTIMIZATION_LEVEL = "-Onone";
			};
			name = Debug;
		};
		D798EA2F2CBD6CDE00BA067C /* Release */ = {
			isa = XCBuildConfiguration;
			buildSettings = {
				ALWAYS_SEARCH_USER_PATHS = NO;
				ASSETCATALOG_COMPILER_GENERATE_SWIFT_ASSET_SYMBOL_EXTENSIONS = YES;
				CLANG_ANALYZER_NONNULL = YES;
				CLANG_ANALYZER_NUMBER_OBJECT_CONVERSION = YES_AGGRESSIVE;
				CLANG_CXX_LANGUAGE_STANDARD = "gnu++20";
				CLANG_ENABLE_MODULES = YES;
				CLANG_ENABLE_OBJC_ARC = YES;
				CLANG_ENABLE_OBJC_WEAK = YES;
				CLANG_WARN_BLOCK_CAPTURE_AUTORELEASING = YES;
				CLANG_WARN_BOOL_CONVERSION = YES;
				CLANG_WARN_COMMA = YES;
				CLANG_WARN_CONSTANT_CONVERSION = YES;
				CLANG_WARN_DEPRECATED_OBJC_IMPLEMENTATIONS = YES;
				CLANG_WARN_DIRECT_OBJC_ISA_USAGE = YES_ERROR;
				CLANG_WARN_DOCUMENTATION_COMMENTS = YES;
				CLANG_WARN_EMPTY_BODY = YES;
				CLANG_WARN_ENUM_CONVERSION = YES;
				CLANG_WARN_INFINITE_RECURSION = YES;
				CLANG_WARN_INT_CONVERSION = YES;
				CLANG_WARN_NON_LITERAL_NULL_CONVERSION = YES;
				CLANG_WARN_OBJC_IMPLICIT_RETAIN_SELF = YES;
				CLANG_WARN_OBJC_LITERAL_CONVERSION = YES;
				CLANG_WARN_OBJC_ROOT_CLASS = YES_ERROR;
				CLANG_WARN_QUOTED_INCLUDE_IN_FRAMEWORK_HEADER = YES;
				CLANG_WARN_RANGE_LOOP_ANALYSIS = YES;
				CLANG_WARN_STRICT_PROTOTYPES = YES;
				CLANG_WARN_SUSPICIOUS_MOVE = YES;
				CLANG_WARN_UNGUARDED_AVAILABILITY = YES_AGGRESSIVE;
				CLANG_WARN_UNREACHABLE_CODE = YES;
				CLANG_WARN__DUPLICATE_METHOD_MATCH = YES;
				COPY_PHASE_STRIP = NO;
				DEBUG_INFORMATION_FORMAT = "dwarf-with-dsym";
				ENABLE_NS_ASSERTIONS = NO;
				ENABLE_STRICT_OBJC_MSGSEND = YES;
				ENABLE_USER_SCRIPT_SANDBOXING = YES;
				GCC_C_LANGUAGE_STANDARD = gnu17;
				GCC_NO_COMMON_BLOCKS = YES;
				GCC_WARN_64_TO_32_BIT_CONVERSION = YES;
				GCC_WARN_ABOUT_RETURN_TYPE = YES_ERROR;
				GCC_WARN_UNDECLARED_SELECTOR = YES;
				GCC_WARN_UNINITIALIZED_AUTOS = YES_AGGRESSIVE;
				GCC_WARN_UNUSED_FUNCTION = YES;
				GCC_WARN_UNUSED_VARIABLE = YES;
				LOCALIZATION_PREFERS_STRING_CATALOGS = YES;
				MTL_ENABLE_DEBUG_INFO = NO;
				MTL_FAST_MATH = YES;
				SWIFT_COMPILATION_MODE = wholemodule;
			};
			name = Release;
		};
		D798EA312CBD6CDE00BA067C /* Debug */ = {
			isa = XCBuildConfiguration;
			buildSettings = {
				ASSETCATALOG_COMPILER_APPICON_NAME = AppIcon;
				ASSETCATALOG_COMPILER_GLOBAL_ACCENT_COLOR_NAME = AccentColor;
				CODE_SIGN_ENTITLEMENTS = "swift-follow/swift_follow.entitlements";
				CODE_SIGN_STYLE = Automatic;
				CURRENT_PROJECT_VERSION = 1;
				DEVELOPMENT_ASSET_PATHS = "\"swift-follow/Preview Content\"";
				DEVELOPMENT_TEAM = LCS264YR65;
				ENABLE_HARDENED_RUNTIME = YES;
				ENABLE_PREVIEWS = YES;
				GENERATE_INFOPLIST_FILE = YES;
				INFOPLIST_FILE = "swift-follow/Info.plist";
				"INFOPLIST_KEY_UIApplicationSceneManifest_Generation[sdk=iphoneos*]" = YES;
				"INFOPLIST_KEY_UIApplicationSceneManifest_Generation[sdk=iphonesimulator*]" = YES;
				"INFOPLIST_KEY_UIApplicationSupportsIndirectInputEvents[sdk=iphoneos*]" = YES;
				"INFOPLIST_KEY_UIApplicationSupportsIndirectInputEvents[sdk=iphonesimulator*]" = YES;
				"INFOPLIST_KEY_UILaunchScreen_Generation[sdk=iphoneos*]" = YES;
				"INFOPLIST_KEY_UILaunchScreen_Generation[sdk=iphonesimulator*]" = YES;
				"INFOPLIST_KEY_UIStatusBarStyle[sdk=iphoneos*]" = UIStatusBarStyleDefault;
				"INFOPLIST_KEY_UIStatusBarStyle[sdk=iphonesimulator*]" = UIStatusBarStyleDefault;
				INFOPLIST_KEY_UISupportedInterfaceOrientations_iPad = "UIInterfaceOrientationPortrait UIInterfaceOrientationPortraitUpsideDown UIInterfaceOrientationLandscapeLeft UIInterfaceOrientationLandscapeRight";
				INFOPLIST_KEY_UISupportedInterfaceOrientations_iPhone = "UIInterfaceOrientationPortrait UIInterfaceOrientationLandscapeLeft UIInterfaceOrientationLandscapeRight";
				IPHONEOS_DEPLOYMENT_TARGET = 17.0;
				LD_RUNPATH_SEARCH_PATHS = "@executable_path/Frameworks";
				"LD_RUNPATH_SEARCH_PATHS[sdk=macosx*]" = "@executable_path/../Frameworks";
				MACOSX_DEPLOYMENT_TARGET = 14.0;
				MARKETING_VERSION = 1.0;
				PRODUCT_BUNDLE_IDENTIFIER = "me.ninjiacoder.swift-follow";
				PRODUCT_NAME = "$(TARGET_NAME)";
				SDKROOT = auto;
				SUPPORTED_PLATFORMS = "iphoneos iphonesimulator macosx xros xrsimulator";
				SWIFT_EMIT_LOC_STRINGS = YES;
				SWIFT_VERSION = 5.0;
				TARGETED_DEVICE_FAMILY = "1,2,7";
				XROS_DEPLOYMENT_TARGET = 2.0;
			};
			name = Debug;
		};
		D798EA322CBD6CDE00BA067C /* Release */ = {
			isa = XCBuildConfiguration;
			buildSettings = {
				ASSETCATALOG_COMPILER_APPICON_NAME = AppIcon;
				ASSETCATALOG_COMPILER_GLOBAL_ACCENT_COLOR_NAME = AccentColor;
				CODE_SIGN_ENTITLEMENTS = "swift-follow/swift_follow.entitlements";
				CODE_SIGN_STYLE = Automatic;
				CURRENT_PROJECT_VERSION = 1;
				DEVELOPMENT_ASSET_PATHS = "\"swift-follow/Preview Content\"";
				DEVELOPMENT_TEAM = LCS264YR65;
				ENABLE_HARDENED_RUNTIME = YES;
				ENABLE_PREVIEWS = YES;
				GENERATE_INFOPLIST_FILE = YES;
				INFOPLIST_FILE = "swift-follow/Info.plist";
				"INFOPLIST_KEY_UIApplicationSceneManifest_Generation[sdk=iphoneos*]" = YES;
				"INFOPLIST_KEY_UIApplicationSceneManifest_Generation[sdk=iphonesimulator*]" = YES;
				"INFOPLIST_KEY_UIApplicationSupportsIndirectInputEvents[sdk=iphoneos*]" = YES;
				"INFOPLIST_KEY_UIApplicationSupportsIndirectInputEvents[sdk=iphonesimulator*]" = YES;
				"INFOPLIST_KEY_UILaunchScreen_Generation[sdk=iphoneos*]" = YES;
				"INFOPLIST_KEY_UILaunchScreen_Generation[sdk=iphonesimulator*]" = YES;
				"INFOPLIST_KEY_UIStatusBarStyle[sdk=iphoneos*]" = UIStatusBarStyleDefault;
				"INFOPLIST_KEY_UIStatusBarStyle[sdk=iphonesimulator*]" = UIStatusBarStyleDefault;
				INFOPLIST_KEY_UISupportedInterfaceOrientations_iPad = "UIInterfaceOrientationPortrait UIInterfaceOrientationPortraitUpsideDown UIInterfaceOrientationLandscapeLeft UIInterfaceOrientationLandscapeRight";
				INFOPLIST_KEY_UISupportedInterfaceOrientations_iPhone = "UIInterfaceOrientationPortrait UIInterfaceOrientationLandscapeLeft UIInterfaceOrientationLandscapeRight";
				IPHONEOS_DEPLOYMENT_TARGET = 17.0;
				LD_RUNPATH_SEARCH_PATHS = "@executable_path/Frameworks";
				"LD_RUNPATH_SEARCH_PATHS[sdk=macosx*]" = "@executable_path/../Frameworks";
				MACOSX_DEPLOYMENT_TARGET = 14.0;
				MARKETING_VERSION = 1.0;
				PRODUCT_BUNDLE_IDENTIFIER = "me.ninjiacoder.swift-follow";
				PRODUCT_NAME = "$(TARGET_NAME)";
				SDKROOT = auto;
				SUPPORTED_PLATFORMS = "iphoneos iphonesimulator macosx xros xrsimulator";
				SWIFT_EMIT_LOC_STRINGS = YES;
				SWIFT_VERSION = 5.0;
				TARGETED_DEVICE_FAMILY = "1,2,7";
				XROS_DEPLOYMENT_TARGET = 2.0;
			};
			name = Release;
		};
		D798EA342CBD6CDE00BA067C /* Debug */ = {
			isa = XCBuildConfiguration;
			buildSettings = {
				BUNDLE_LOADER = "$(TEST_HOST)";
				CODE_SIGN_STYLE = Automatic;
				CURRENT_PROJECT_VERSION = 1;
				DEVELOPMENT_TEAM = LCS264YR65;
				GENERATE_INFOPLIST_FILE = YES;
				IPHONEOS_DEPLOYMENT_TARGET = 18.0;
				MACOSX_DEPLOYMENT_TARGET = 15.0;
				MARKETING_VERSION = 1.0;
				PRODUCT_BUNDLE_IDENTIFIER = "me.ninjiacoder.swift-followTests";
				PRODUCT_NAME = "$(TARGET_NAME)";
				SDKROOT = auto;
				SUPPORTED_PLATFORMS = "iphoneos iphonesimulator macosx xros xrsimulator";
				SWIFT_EMIT_LOC_STRINGS = NO;
				SWIFT_VERSION = 5.0;
				TARGETED_DEVICE_FAMILY = "1,2,7";
				TEST_HOST = "$(BUILT_PRODUCTS_DIR)/swift-follow.app/$(BUNDLE_EXECUTABLE_FOLDER_PATH)/swift-follow";
				XROS_DEPLOYMENT_TARGET = 2.0;
			};
			name = Debug;
		};
		D798EA352CBD6CDE00BA067C /* Release */ = {
			isa = XCBuildConfiguration;
			buildSettings = {
				BUNDLE_LOADER = "$(TEST_HOST)";
				CODE_SIGN_STYLE = Automatic;
				CURRENT_PROJECT_VERSION = 1;
				DEVELOPMENT_TEAM = LCS264YR65;
				GENERATE_INFOPLIST_FILE = YES;
				IPHONEOS_DEPLOYMENT_TARGET = 18.0;
				MACOSX_DEPLOYMENT_TARGET = 15.0;
				MARKETING_VERSION = 1.0;
				PRODUCT_BUNDLE_IDENTIFIER = "me.ninjiacoder.swift-followTests";
				PRODUCT_NAME = "$(TARGET_NAME)";
				SDKROOT = auto;
				SUPPORTED_PLATFORMS = "iphoneos iphonesimulator macosx xros xrsimulator";
				SWIFT_EMIT_LOC_STRINGS = NO;
				SWIFT_VERSION = 5.0;
				TARGETED_DEVICE_FAMILY = "1,2,7";
				TEST_HOST = "$(BUILT_PRODUCTS_DIR)/swift-follow.app/$(BUNDLE_EXECUTABLE_FOLDER_PATH)/swift-follow";
				XROS_DEPLOYMENT_TARGET = 2.0;
			};
			name = Release;
		};
		D798EA372CBD6CDE00BA067C /* Debug */ = {
			isa = XCBuildConfiguration;
			buildSettings = {
				CODE_SIGN_STYLE = Automatic;
				CURRENT_PROJECT_VERSION = 1;
				DEVELOPMENT_TEAM = LCS264YR65;
				GENERATE_INFOPLIST_FILE = YES;
				IPHONEOS_DEPLOYMENT_TARGET = 18.0;
				MACOSX_DEPLOYMENT_TARGET = 15.0;
				MARKETING_VERSION = 1.0;
				PRODUCT_BUNDLE_IDENTIFIER = "me.ninjiacoder.swift-followUITests";
				PRODUCT_NAME = "$(TARGET_NAME)";
				SDKROOT = auto;
				SUPPORTED_PLATFORMS = "iphoneos iphonesimulator macosx xros xrsimulator";
				SWIFT_EMIT_LOC_STRINGS = NO;
				SWIFT_VERSION = 5.0;
				TARGETED_DEVICE_FAMILY = "1,2,7";
				TEST_TARGET_NAME = "swift-follow";
				XROS_DEPLOYMENT_TARGET = 2.0;
			};
			name = Debug;
		};
		D798EA382CBD6CDE00BA067C /* Release */ = {
			isa = XCBuildConfiguration;
			buildSettings = {
				CODE_SIGN_STYLE = Automatic;
				CURRENT_PROJECT_VERSION = 1;
				DEVELOPMENT_TEAM = LCS264YR65;
				GENERATE_INFOPLIST_FILE = YES;
				IPHONEOS_DEPLOYMENT_TARGET = 18.0;
				MACOSX_DEPLOYMENT_TARGET = 15.0;
				MARKETING_VERSION = 1.0;
				PRODUCT_BUNDLE_IDENTIFIER = "me.ninjiacoder.swift-followUITests";
				PRODUCT_NAME = "$(TARGET_NAME)";
				SDKROOT = auto;
				SUPPORTED_PLATFORMS = "iphoneos iphonesimulator macosx xros xrsimulator";
				SWIFT_EMIT_LOC_STRINGS = NO;
				SWIFT_VERSION = 5.0;
				TARGETED_DEVICE_FAMILY = "1,2,7";
				TEST_TARGET_NAME = "swift-follow";
				XROS_DEPLOYMENT_TARGET = 2.0;
			};
			name = Release;
		};
/* End XCBuildConfiguration section */

/* Begin XCConfigurationList section */
		D798EA062CBD6CDC00BA067C /* Build configuration list for PBXProject "swift-follow" */ = {
			isa = XCConfigurationList;
			buildConfigurations = (
				D798EA2E2CBD6CDE00BA067C /* Debug */,
				D798EA2F2CBD6CDE00BA067C /* Release */,
			);
			defaultConfigurationIsVisible = 0;
			defaultConfigurationName = Release;
		};
		D798EA302CBD6CDE00BA067C /* Build configuration list for PBXNativeTarget "swift-follow" */ = {
			isa = XCConfigurationList;
			buildConfigurations = (
				D798EA312CBD6CDE00BA067C /* Debug */,
				D798EA322CBD6CDE00BA067C /* Release */,
			);
			defaultConfigurationIsVisible = 0;
			defaultConfigurationName = Release;
		};
		D798EA332CBD6CDE00BA067C /* Build configuration list for PBXNativeTarget "swift-followTests" */ = {
			isa = XCConfigurationList;
			buildConfigurations = (
				D798EA342CBD6CDE00BA067C /* Debug */,
				D798EA352CBD6CDE00BA067C /* Release */,
			);
			defaultConfigurationIsVisible = 0;
			defaultConfigurationName = Release;
		};
		D798EA362CBD6CDE00BA067C /* Build configuration list for PBXNativeTarget "swift-followUITests" */ = {
			isa = XCConfigurationList;
			buildConfigurations = (
				D798EA372CBD6CDE00BA067C /* Debug */,
				D798EA382CBD6CDE00BA067C /* Release */,
			);
			defaultConfigurationIsVisible = 0;
			defaultConfigurationName = Release;
		};
/* End XCConfigurationList section */

/* Begin XCSwiftPackageProductDependency section */
		D798EA3B2CBD796200BA067C /* FollowAPI */ = {
			isa = XCSwiftPackageProductDependency;
			productName = FollowAPI;
		};
		D798EA3E2CBD7CEF00BA067C /* FollowUI */ = {
			isa = XCSwiftPackageProductDependency;
			productName = FollowUI;
		};
/* End XCSwiftPackageProductDependency section */
	};
	rootObject = D798EA032CBD6CDC00BA067C /* Project object */;
}
